
Microsoft Visual Studio Solution File, Format Version 11.00
# Visual Studio 2010
Project("{FAE04EC0-301F-11D3-BF4B-00C04F79EFBC}") = "co.yat.ios.container", "co.yat.ios.container.csproj", "{A3A15EE7-7E4B-446F-B8BC-4D36664F7260}"
EndProject
Project("{FAE04EC0-301F-11D3-BF4B-00C04F79EFBC}") = "co.yat.ios.binding", "co.yat.ios.binding\co.yat.ios.binding.csproj", "{992BCBD9-B277-4FD6-875D-4633825A8114}"
EndProject
Global
	GlobalSection(SolutionConfigurationPlatforms) = preSolution
		Debug|iPhoneSimulator = Debug|iPhoneSimulator
		Release|iPhoneSimulator = Release|iPhoneSimulator
		Debug|iPhone = Debug|iPhone
		Release|iPhone = Release|iPhone
		Ad-Hoc|iPhone = Ad-Hoc|iPhone
		AppStore|iPhone = AppStore|iPhone
		Calabash|iPhoneSimulator = Calabash|iPhoneSimulator
	EndGlobalSection
	GlobalSection(ProjectConfigurationPlatforms) = postSolution
		{992BCBD9-B277-4FD6-875D-4633825A8114}.Ad-Hoc|iPhone.ActiveCfg = Release|Any CPU
		{992BCBD9-B277-4FD6-875D-4633825A8114}.Ad-Hoc|iPhone.Build.0 = Release|Any CPU
		{992BCBD9-B277-4FD6-875D-4633825A8114}.AppStore|iPhone.ActiveCfg = Release|Any CPU
		{992BCBD9-B277-4FD6-875D-4633825A8114}.AppStore|iPhone.Build.0 = Release|Any CPU
		{992BCBD9-B277-4FD6-875D-4633825A8114}.Calabash|iPhoneSimulator.ActiveCfg = Calabash|iPhoneSimulator
		{992BCBD9-B277-4FD6-875D-4633825A8114}.Calabash|iPhoneSimulator.Build.0 = Calabash|iPhoneSimulator
		{992BCBD9-B277-4FD6-875D-4633825A8114}.Debug|iPhone.ActiveCfg = Debug|Any CPU
		{992BCBD9-B277-4FD6-875D-4633825A8114}.Debug|iPhone.Build.0 = Debug|Any CPU
		{992BCBD9-B277-4FD6-875D-4633825A8114}.Debug|iPhoneSimulator.ActiveCfg = Debug|Any CPU
		{992BCBD9-B277-4FD6-875D-4633825A8114}.Debug|iPhoneSimulator.Build.0 = Debug|Any CPU
		{992BCBD9-B277-4FD6-875D-4633825A8114}.Release|iPhone.ActiveCfg = Release|Any CPU
		{992BCBD9-B277-4FD6-875D-4633825A8114}.Release|iPhone.Build.0 = Release|Any CPU
		{992BCBD9-B277-4FD6-875D-4633825A8114}.Release|iPhoneSimulator.ActiveCfg = Release|Any CPU
		{992BCBD9-B277-4FD6-875D-4633825A8114}.Release|iPhoneSimulator.Build.0 = Release|Any CPU
		{A3A15EE7-7E4B-446F-B8BC-4D36664F7260}.Ad-Hoc|iPhone.ActiveCfg = Ad-Hoc|iPhone
		{A3A15EE7-7E4B-446F-B8BC-4D36664F7260}.Ad-Hoc|iPhone.Build.0 = Ad-Hoc|iPhone
		{A3A15EE7-7E4B-446F-B8BC-4D36664F7260}.AppStore|iPhone.ActiveCfg = AppStore|iPhone
		{A3A15EE7-7E4B-446F-B8BC-4D36664F7260}.AppStore|iPhone.Build.0 = AppStore|iPhone
		{A3A15EE7-7E4B-446F-B8BC-4D36664F7260}.Calabash|iPhoneSimulator.ActiveCfg = Calabash|iPhoneSimulator
		{A3A15EE7-7E4B-446F-B8BC-4D36664F7260}.Calabash|iPhoneSimulator.Build.0 = Calabash|iPhoneSimulator
		{A3A15EE7-7E4B-446F-B8BC-4D36664F7260}.Debug|iPhone.ActiveCfg = Debug|iPhone
		{A3A15EE7-7E4B-446F-B8BC-4D36664F7260}.Debug|iPhone.Build.0 = Debug|iPhone
		{A3A15EE7-7E4B-446F-B8BC-4D36664F7260}.Debug|iPhoneSimulator.ActiveCfg = Debug|iPhoneSimulator
		{A3A15EE7-7E4B-446F-B8BC-4D36664F7260}.Debug|iPhoneSimulator.Build.0 = Debug|iPhoneSimulator
		{A3A15EE7-7E4B-446F-B8BC-4D36664F7260}.Release|iPhone.ActiveCfg = Release|iPhone
		{A3A15EE7-7E4B-446F-B8BC-4D36664F7260}.Release|iPhone.Build.0 = Release|iPhone
		{A3A15EE7-7E4B-446F-B8BC-4D36664F7260}.Release|iPhoneSimulator.ActiveCfg = Release|iPhoneSimulator
		{A3A15EE7-7E4B-446F-B8BC-4D36664F7260}.Release|iPhoneSimulator.Build.0 = Release|iPhoneSimulator
	EndGlobalSection
	GlobalSection(MonoDevelopProperties) = preSolution
		StartupItem = co.yat.ios.container.csproj
	EndGlobalSection
EndGlobal
